
Microsoft Visual Studio Solution File, Format Version 12.00
# Visual Studio Version 17
VisualStudioVersion = 17.14.36408.4 d17.14
MinimumVisualStudioVersion = 10.0.40219.1
Project("{FAE04EC0-301F-11D3-BF4B-00C04F79EFBC}") = "DSA-2", "DSA-2\DSA-2.csproj", "{7DD78ED5-5617-418F-A962-D1140F4B4690}"
EndProject
Global
	GlobalSection(SolutionConfigurationPlatforms) = preSolution
		Debug|Any CPU = Debug|Any CPU
		Release|Any CPU = Release|Any CPU
	EndGlobalSection
	GlobalSection(ProjectConfigurationPlatforms) = postSolution
		{7DD78ED5-5617-418F-A962-D1140F4B4690}.Debug|Any CPU.ActiveCfg = Debug|Any CPU
		{7DD78ED5-5617-418F-A962-D1140F4B4690}.Debug|Any CPU.Build.0 = Debug|Any CPU
		{7DD78ED5-5617-418F-A962-D1140F4B4690}.Release|Any CPU.ActiveCfg = Release|Any CPU
		{7DD78ED5-5617-418F-A962-D1140F4B4690}.Release|Any CPU.Build.0 = Release|Any CPU
	EndGlobalSection
	GlobalSection(SolutionProperties) = preSolution
		HideSolutionNode = FALSE
	EndGlobalSection
	GlobalSection(ExtensibilityGlobals) = postSolution
		SolutionGuid = {DDB42314-01B5-4FC1-9486-4F0915C4F980}
	EndGlobalSection
EndGlobal
